Microsoft Visual Studio Solution File, Format Version 12.00
# Visual Studio 15
VisualStudioVersion = 15.0.27004.2008
MinimumVisualStudioVersion = 15.0.26124.0
Project("{9A19103F-16F7-4668-BE54-9A1E7A4F7556}") = "yazlab1p3", "yazlab1p3\yazlab1p3.csproj", "{2CE3803C-A9B1-4F60-8F5A-0A5315D24FD3}"
EndProject
Project("{FAE04EC0-301F-11D3-BF4B-00C04F79EFBC}") = "yazlab1p3.tests", "yazlab1p3.tests\yazlab1p3.tests.csproj", "{DD6E6BAF-8365-4367-BEAA-BD2C9FCA54E6}"
EndProject
Global
	GlobalSection(SolutionConfigurationPlatforms) = preSolution
		Debug|Any CPU = Debug|Any CPU
		Debug|x64 = Debug|x64
		Debug|x86 = Debug|x86
		Release|Any CPU = Release|Any CPU
		Release|x64 = Release|x64
		Release|x86 = Release|x86
	EndGlobalSection
	GlobalSection(ProjectConfigurationPlatforms) = postSolution
		{2CE3803C-A9B1-4F60-8F5A-0A5315D24FD3}.Debug|Any CPU.ActiveCfg = Debug|Any CPU
		{2CE3803C-A9B1-4F60-8F5A-0A5315D24FD3}.Debug|Any CPU.Build.0 = Debug|Any CPU
		{2CE3803C-A9B1-4F60-8F5A-0A5315D24FD3}.Debug|x64.ActiveCfg = Debug|Any CPU
		{2CE3803C-A9B1-4F60-8F5A-0A5315D24FD3}.Debug|x64.Build.0 = Debug|Any CPU
		{2CE3803C-A9B1-4F60-8F5A-0A5315D24FD3}.Debug|x86.ActiveCfg = Debug|Any CPU
		{2CE3803C-A9B1-4F60-8F5A-0A5315D24FD3}.Debug|x86.Build.0 = Debug|Any CPU
		{2CE3803C-A9B1-4F60-8F5A-0A5315D24FD3}.Release|Any CPU.ActiveCfg = Release|Any CPU
		{2CE3803C-A9B1-4F60-8F5A-0A5315D24FD3}.Release|Any CPU.Build.0 = Release|Any CPU
		{2CE3803C-A9B1-4F60-8F5A-0A5315D24FD3}.Release|x64.ActiveCfg = Release|Any CPU
		{2CE3803C-A9B1-4F60-8F5A-0A5315D24FD3}.Release|x64.Build.0 = Release|Any CPU
		{2CE3803C-A9B1-4F60-8F5A-0A5315D24FD3}.Release|x86.ActiveCfg = Release|Any CPU
		{2CE3803C-A9B1-4F60-8F5A-0A5315D24FD3}.Release|x86.Build.0 = Release|Any CPU
		{DD6E6BAF-8365-4367-BEAA-BD2C9FCA54E6}.Debug|Any CPU.ActiveCfg = Debug|Any CPU
		{DD6E6BAF-8365-4367-BEAA-BD2C9FCA54E6}.Debug|Any CPU.Build.0 = Debug|Any CPU
		{DD6E6BAF-8365-4367-BEAA-BD2C9FCA54E6}.Debug|x64.ActiveCfg = Debug|x64
		{DD6E6BAF-8365-4367-BEAA-BD2C9FCA54E6}.Debug|x64.Build.0 = Debug|x64
		{DD6E6BAF-8365-4367-BEAA-BD2C9FCA54E6}.Debug|x86.ActiveCfg = Debug|x86
		{DD6E6BAF-8365-4367-BEAA-BD2C9FCA54E6}.Debug|x86.Build.0 = Debug|x86
		{DD6E6BAF-8365-4367-BEAA-BD2C9FCA54E6}.Release|Any CPU.ActiveCfg = Release|Any CPU
		{DD6E6BAF-8365-4367-BEAA-BD2C9FCA54E6}.Release|Any CPU.Build.0 = Release|Any CPU
		{DD6E6BAF-8365-4367-BEAA-BD2C9FCA54E6}.Release|x64.ActiveCfg = Release|x64
		{DD6E6BAF-8365-4367-BEAA-BD2C9FCA54E6}.Release|x64.Build.0 = Release|x64
		{DD6E6BAF-8365-4367-BEAA-BD2C9FCA54E6}.Release|x86.ActiveCfg = Release|x86
		{DD6E6BAF-8365-4367-BEAA-BD2C9FCA54E6}.Release|x86.Build.0 = Release|x86
	EndGlobalSection
	GlobalSection(SolutionProperties) = preSolution
		HideSolutionNode = FALSE
	EndGlobalSection
	GlobalSection(ExtensibilityGlobals) = postSolution
		SolutionGuid = {3FF3CB72-167F-45E9-88E4-25654B38B848}
	EndGlobalSection
EndGlobal
